
Microsoft Visual Studio Solution File, Format Version 12.00
# Visual Studio Version 16
VisualStudioVersion = 16.0.30225.117
MinimumVisualStudioVersion = 10.0.40219.1
Project("{9A19103F-16F7-4668-BE54-9A1E7A4F7556}") = "FunApp", "FunApp\FunApp.csproj", "{0C77B8C7-C01C-4124-B120-0AFECA0A6D6C}"
EndProject
Project("{9A19103F-16F7-4668-BE54-9A1E7A4F7556}") = "FunApp.WebApI", "..\ReplicateFunWebApi\FunApp.WebApI.csproj", "{092A51E4-0BF2-4CF3-982A-1AFA3CA72FDA}"
EndProject
Project("{9A19103F-16F7-4668-BE54-9A1E7A4F7556}") = "FunApp.Common", "FunApp.Common\FunApp.Common.csproj", "{589C2F1D-F468-4715-AC72-4E07D20CCADC}"
EndProject
Global
	GlobalSection(SolutionConfigurationPlatforms) = preSolution
		Debug|Any CPU = Debug|Any CPU
		Release|Any CPU = Release|Any CPU
	EndGlobalSection
	GlobalSection(ProjectConfigurationPlatforms) = postSolution
		{0C77B8C7-C01C-4124-B120-0AFECA0A6D6C}.Debug|Any CPU.ActiveCfg = Debug|Any CPU
		{0C77B8C7-C01C-4124-B120-0AFECA0A6D6C}.Debug|Any CPU.Build.0 = Debug|Any CPU
		{0C77B8C7-C01C-4124-B120-0AFECA0A6D6C}.Release|Any CPU.ActiveCfg = Release|Any CPU
		{0C77B8C7-C01C-4124-B120-0AFECA0A6D6C}.Release|Any CPU.Build.0 = Release|Any CPU
		{092A51E4-0BF2-4CF3-982A-1AFA3CA72FDA}.Debug|Any CPU.ActiveCfg = Debug|Any CPU
		{092A51E4-0BF2-4CF3-982A-1AFA3CA72FDA}.Debug|Any CPU.Build.0 = Debug|Any CPU
		{092A51E4-0BF2-4CF3-982A-1AFA3CA72FDA}.Release|Any CPU.ActiveCfg = Release|Any CPU
		{092A51E4-0BF2-4CF3-982A-1AFA3CA72FDA}.Release|Any CPU.Build.0 = Release|Any CPU
		{589C2F1D-F468-4715-AC72-4E07D20CCADC}.Debug|Any CPU.ActiveCfg = Debug|Any CPU
		{589C2F1D-F468-4715-AC72-4E07D20CCADC}.Debug|Any CPU.Build.0 = Debug|Any CPU
		{589C2F1D-F468-4715-AC72-4E07D20CCADC}.Release|Any CPU.ActiveCfg = Release|Any CPU
		{589C2F1D-F468-4715-AC72-4E07D20CCADC}.Release|Any CPU.Build.0 = Release|Any CPU
	EndGlobalSection
	GlobalSection(SolutionProperties) = preSolution
		HideSolutionNode = FALSE
	EndGlobalSection
	GlobalSection(ExtensibilityGlobals) = postSolution
		SolutionGuid = {4214BE2C-8187-4717-A490-9C716166119D}
	EndGlobalSection
EndGlobal
